lockfileVersion: 5.4

specifiers:
  '@tanstack/react-query': ^4.22.0
  '@trpc/client': ^10.9.0
  '@trpc/react-query': ^10.9.0
  '@trpc/server': ^10.9.0

dependencies:
  '@tanstack/react-query': 4.22.0
  '@trpc/client': 10.9.0_@trpc+server@10.9.0
  '@trpc/react-query': 10.9.0_jmghcg5xl4jr4lmiacmcqznqda
  '@trpc/server': 10.9.0

packages:

  /@tanstack/query-core/4.22.0:
    resolution: {integrity: sha512-OeLyBKBQoT265f5G9biReijeP8mBxNFwY7ZUu1dKL+YzqpG5q5z7J/N1eT8aWyKuhyDTiUHuKm5l+oIVzbtrjw==}
    dev: false

  /@tanstack/react-query/4.22.0:
    resolution: {integrity: sha512-P9o+HjG42uB/xHR6dMsJaPhtZydSe4v0xdG5G/cEj1oHZAXelMlm67/rYJNQGKgBamKElKogj+HYGF+NY2yHYg==}
    peerDependencies:
      react: ^16.8.0 || ^17.0.0 || ^18.0.0
      react-dom: ^16.8.0 || ^17.0.0 || ^18.0.0
      react-native: '*'
    peerDependenciesMeta:
      react-dom:
        optional: true
      react-native:
        optional: true
    dependencies:
      '@tanstack/query-core': 4.22.0
      use-sync-external-store: 1.2.0
    dev: false

  /@trpc/client/10.9.0_@trpc+server@10.9.0:
    resolution: {integrity: sha512-id6318qpgqllNOuBp7nuciXFPXCe+zae5d4r1hze6Eyp5fFFNO58TqA+4Q44KIcHgpfWyW2egs6iPeql3PrdKA==}
    peerDependencies:
      '@trpc/server': 10.9.0
    dependencies:
      '@trpc/server': 10.9.0
    dev: false

  /@trpc/react-query/10.9.0_jmghcg5xl4jr4lmiacmcqznqda:
    resolution: {integrity: sha512-I7xtdFj/AETwc9HfY2bGxKINij39r26LvfIiTBfz2pBj1ELrcgucWmPeI2eS6pon/uI1E9Nqa6fQCg/zkg764Q==}
    peerDependencies:
      '@tanstack/react-query': ^4.3.8
      '@trpc/client': 10.9.0
      '@trpc/server': 10.9.0
      react: '>=16.8.0'
      react-dom: '>=16.8.0'
    dependencies:
      '@tanstack/react-query': 4.22.0
      '@trpc/client': 10.9.0_@trpc+server@10.9.0
      '@trpc/server': 10.9.0
    dev: false

  /@trpc/server/10.9.0:
    resolution: {integrity: sha512-5psyZgbvy29pJND32hwkWTMbv6s86IbsPOeDopsgNF0VegZT6Dsijmb7Ub/TDhuJVQVq5u4u5briMXi3SxmBkw==}
    dev: false

  /use-sync-external-store/1.2.0:
    resolution: {integrity: sha512-eEgnFxGQ1Ife9bzYs6VLi8/4X6CObHMw9Qr9tPY43iKwsPw8xE8+EFsf/2cFZ5S3esXgpWgtSCtLNS41F+sKPA==}
    peerDependencies:
      react: ^16.8.0 || ^17.0.0 || ^18.0.0
    dev: false
